format=local-inference-source-lock/v1
implementation.status=implemented
qualification.contract=See evidence for the resulting immutable image
release.name=jovian-judgement-community-tp2-experimental-20260913-r2
release.version=tp2.experimental2
runtime.base.image=voipmonitor/vllm@sha256:93ac5228f1cbde2182ca294d8b479259144742af2756a49ff207dd245429bf43
runtime.cuda.version=13.3
runtime.pytorch.version=2.13.0
runtime.liburing.version=2.5
runtime.liburing.package.version=2.5-1build1
runtime.rootfs.layers=2
runtime.cudagraph.mode=FULL_AND_PIECEWISE
runtime.moe-backend.default=b12x
runtime.scheduler.max-num-batched-tokens=3072
runtime.scheduler.prefill-compute-share=0.4
runtime.nccl.channels=2
runtime.nccl.buffer.bytes=1048576
runtime.recurrent-checkpoint-policy=request_boundaries
lmcache.native.artifact.image=localinferencelab/vllm@sha256:3ae04d964f8e7e936ef4b34dd75406b9169fead8062fb8b4b1634f3bbf512827
lmcache.native.mode=reuse-all
runtime.lmcache.transfer=engine-driven asynchronous shared memory; CPU-only sidecar
runtime.lmcache.checkpoints=atomic request-boundary text bundles; exact multimodal endpoint restore unsupported
model.repository=local-inference-lab/GLM-5.3-Flash-NVFP4-Spark
draft.repository=built-in MTP; no separate checkpoint
draft.quantization=checkpoint mixed precision; private NVFP4 vocabulary head
runtime.serving.profile=glm-spark-tp2
runtime.context.max-model-len=1048576
runtime.kv-cache.bytes-per-rank=4294967296
runtime.cublas.workspace-config=:4096:1
vllm.repository=https://github.com/voipmonitor/vllm.git
vllm.commit=7f4aecc66e857d093e012a2c57d03711bd23be4a
vllm.tree=638917d5473e73a7d56e8d033b41c0cd34b68181
vllm.package.tree=dafeb03caa123dbf51092602cdc2b63ab333d2bb
vllm.bundle.sha256=b4e0e763d26786689054145e3b0f48887f4552409c5f041ee1d9733c589e6848
b12x.repository=https://github.com/local-inference-lab/b12x.git
b12x.commit=73f66f028c1b59e92728e9fbbe4a472bb7796248
b12x.tree=e16e8830853ee030a89efcc2554871a42616be19
b12x.package.tree=1be41c6d6ddf9f9ab59aac30d4bb4b41234ab623
b12x.bundle.sha256=834c3d4a4a201835c25a9048e2f6066b14e38d0ad71c311d7560ee98ecf1f890
lmcache.repository=https://github.com/local-inference-lab/LMCache.git
lmcache.commit=29bc5a2efde737c436b04499eb62cd1776cebeec
lmcache.tree=5a88a1ea9d2627c76288d056e7193f7454669b64
lmcache.package.tree=e7c1cc7b6969d2677d7fb0c88254f9021f252020
lmcache.bundle.sha256=203dbb25dc0f03a6f77023b502775fab44e4b2acf9245be0c580eeb00f2b3e59
lmcache.version=0.5.5.dev0+glm53checkpoints.29bc5a2e
vllm.version=0.26.1rc0+glm53.tp2.experimental2.vllm7f4aecc6
flashkda.base.commit=3b225bf26bb8e218928a1fe14751cb48cf31d11b
flashkda.patch.sha256=a9537532cf231babc942fa592666893268ca0617b24daeb8e78d3249e8c1d58a
flashkda.extension.sha256=3bb6ef2c9f0be24b2c6ae8a48eb20b53f28e632ed9cb45a32c7c0133f8cfde91
vllm.native.csrc.tree=b0ef9c9361a4b22d6f90840192210a9d0c1e5049
vllm.native.cmake.tree=5273499598e0571f12e325130239cb70626d0c63
vllm.native.cmakelists.blob=bb0f51b43ef4e1c57918b551b8cf213f9059b601
vllm.native.extension.sha256=7f8e7f05ac08b53e843dbcfbf021bf44f0852cfb0110e435e7326973282a3ca8
vllm.native.identity.sha256=803952a036e939402cf7147a72cc3afc3cc256addf0b55d584b8af3038f9f1df
flashinfer.commit=803c4664f4771ddc418f20a57f752469a237a825
flashinfer.artifact.image=voipmonitor/vllm@sha256:79edbc91874d9468e3e6268e1584503e3dec55f2a4d3bdd70d5c43e9b41675c7
flashinfer.python.wheel.sha256=3a5b1143d8b933d71881c2d71a2c0677360528344813be1893bafa9f335affea
flashinfer.jit-cache.wheel.sha256=9d08679e4ba3cc7c49c5f8035268b7958e9c4d8c7a5e8cd842211da46007809f
recipe.repository=https://github.com/local-inference-lab/blackwell-llm-docker.git
recipe.commit=b91127b1a54997d9a67a8aead8c1acf97b194f7b
recipe.tree=57077f4327b9e8d86c0c5dd97272ddfd0c33a612
launcher.lmcache.sha256=d05039024fab07438d873f5660b5d9a78e9df91f809df982e86a3f2862e16fc6
input.Dockerfile.glm53-cache-contracts.sha256=7b04b4dc221f0f7c9f52d96004405b46d828c715182a63b8be0d53fc3c106801
input.build_glm53_cache_contract_image.sh.sha256=d1b94b1da30c9eb4f8195bd8ad5455f0fb1839c4db202fb599ae3e0653813600
input.source_locked_image_labels.py.sha256=492e8a62834b00fce548bc7974fc58687fe0d969c76e29e2bcfb923174416603
input.install_source_bundle.sh.sha256=d18c4b49acc40722b439a0838240c5a03c5df5b799027cd3c9c141fb78395613
input.pack_lmcache_native_reuse.py.sha256=2099c99c098a3fef4fccc4c49d2cc067c46b4c2ccf62940ed58bc5bab0ad81f9
input.install_glm53_source_locked.sh.sha256=2edd7a1a57ffc7b24cc26fa054e5cd9f0faf26fc4b4f6c7faaa77255efdc41a8
input.install_vllm_source_version.py.sha256=e58fd3034aaf339d5df9ab5581ce18fd18bb75d4aeca8dcbc31bef2c1353b101
input.serve-ds4-jovian.sh.sha256=25880128204da85c21533793faea54ec232fba112ec09f70c6083ac1dbdbc4b0
input.Dockerfile.jovian-stable-native.sha256=cd19dc0032498c3dc80b1482aad3fc065189bfe5e6399f1a43d724dbeaf0e24b
input.build_jovian_stable_native.py.sha256=15027a1c7ebb6dca52c218a7d0560edda3e5c71eea2ffe26d3682a9ed62c5935
input.serve-glm53-flash-nvfp4-dflash2.sh.sha256=790596f0954515dfc7bedf93e004ec4b1a25ff409ffb9190742e3f43b474b713
input.serve-glm53-flash-nvfp4-dflash2-scheduler-qos.sh.sha256=a0c85248789942cf56315790fe389d220c4913e9a504573c8e946537de0d34d2
input.serve-glm53-flash-lmcache.sh.sha256=8a4bf8310ed4816c5f629eb2392705f5142b618d877cbf6e1af9184cf6740be6
input.serve-glm53-flash-lmcache-cache-complete.sh.sha256=5b59968549fdcf2092930b3a50963d01dbdc1febbed6e03870465317e9a2436a
input.serve-glm53-flash-cache-complete.sh.sha256=15fb72f90849b383303ee7273742120997df3644fbd06a186c872c4d0a096d60
input.serve-glm-spark-tp2.sh.sha256=245eb4d6657a8943fc932ca5ae74e6555ae1a7991aa8cc48ccc026dc51070d95
input.Dockerfile.glm-spark-tp2.sha256=20ebd17e57a4dcaa1ad8b74f341f4712f14acbfc0619da77fe35e7c028ffc38e
input.glm53_checkpoint_identity.py.sha256=b5d259c38bf844d4da6a1a9d905a0e8983f586a8dc550b138d8cdf070c02f499
input.glm53-r18-lmcache-runtime-requirements.txt.sha256=7ac402540e2ba3f02fc1a443934ef3ff6e2e10c8ff81ae989e3958cfff38adf7
build.uv.sha256=9a4299a0c3bcc01012acbcdae7b5655e5087e0e5d87459306736a1420a902b81
runtime.cache.fingerprint=cu133-torch213-glm53-vllmdafeb03c-b12x1be41c6d-lmcachee7c1cc7b-flashkda3bb6ef2c-native7f8e7f05-fi803c4664
